
Microsoft Visual Studio Solution File, Format Version 12.00
# Visual Studio 14
VisualStudioVersion = 14.0.24720.0
MinimumVisualStudioVersion = 10.0.40219.1
Project("{FAE04EC0-301F-11D3-BF4B-00C04F79EFBC}") = "SquareHead", "SquareHead\SquareHead.csproj", "{C330B2D6-8CE8-4003-BA64-5369EBA4F550}"
EndProject
Project("{FAE04EC0-301F-11D3-BF4B-00C04F79EFBC}") = "SquareHead.Tests", "SquareHead.Tests\SquareHead.Tests.csproj", "{1564C75C-87BA-4831-B5AB-52809A3E28E3}"
EndProject
Global
	GlobalSection(SolutionConfigurationPlatforms) = preSolution
		Debug|Any CPU = Debug|Any CPU
		Release|Any CPU = Release|Any CPU
	EndGlobalSection
	GlobalSection(ProjectConfigurationPlatforms) = postSolution
		{C330B2D6-8CE8-4003-BA64-5369EBA4F550}.Debug|Any CPU.ActiveCfg = Debug|Any CPU
		{C330B2D6-8CE8-4003-BA64-5369EBA4F550}.Debug|Any CPU.Build.0 = Debug|Any CPU
		{C330B2D6-8CE8-4003-BA64-5369EBA4F550}.Release|Any CPU.ActiveCfg = Release|Any CPU
		{C330B2D6-8CE8-4003-BA64-5369EBA4F550}.Release|Any CPU.Build.0 = Release|Any CPU
		{1564C75C-87BA-4831-B5AB-52809A3E28E3}.Debug|Any CPU.ActiveCfg = Debug|Any CPU
		{1564C75C-87BA-4831-B5AB-52809A3E28E3}.Debug|Any CPU.Build.0 = Debug|Any CPU
		{1564C75C-87BA-4831-B5AB-52809A3E28E3}.Release|Any CPU.ActiveCfg = Release|Any CPU
		{1564C75C-87BA-4831-B5AB-52809A3E28E3}.Release|Any CPU.Build.0 = Release|Any CPU
	EndGlobalSection
	GlobalSection(SolutionProperties) = preSolution
		HideSolutionNode = FALSE
	EndGlobalSection
EndGlobal
